
Microsoft Visual Studio Solution File, Format Version 12.00
# Visual Studio Version 17
VisualStudioVersion = 17.4.33213.308
MinimumVisualStudioVersion = 10.0.40219.1
Project("{FAE04EC0-301F-11D3-BF4B-00C04F79EFBC}") = "BsBomber.Contracts", "BsBomber.Contracts\BsBomber.Contracts.csproj", "{91F68009-225C-16B2-9D32-C6CEA8AF1B41}"
EndProject
Project("{FAE04EC0-301F-11D3-BF4B-00C04F79EFBC}") = "BsBomber.Core", "BsBomber.Core\BsBomber.Core.csproj", "{79E538E9-8E3F-711D-50A0-16D120B212A0}"
EndProject
Project("{FAE04EC0-301F-11D3-BF4B-00C04F79EFBC}") = "BsBomber.Rcl", "BsBomber.Rcl\BsBomber.Rcl.csproj", "{BACAF926-5E41-F9CF-FED9-8CA94D72E4E1}"
EndProject
Project("{FAE04EC0-301F-11D3-BF4B-00C04F79EFBC}") = "BsBomber.Server", "BsBomber.Server\BsBomber.Server.csproj", "{08AF0C62-F496-B98B-CD52-DB551DA4A5C7}"
EndProject
Project("{FAE04EC0-301F-11D3-BF4B-00C04F79EFBC}") = "BsBomber.BomberExample", "BsBomber.BomberExample\BsBomber.BomberExample.csproj", "{C355979F-FEE9-F132-0BCB-CF27F72291BB}"
EndProject
Project("{FAE04EC0-301F-11D3-BF4B-00C04F79EFBC}") = "SenkyrBomber", "SenkyrBomber\SenkyrBomber.csproj", "{DC4F0C88-D53E-48F8-A0CE-D6012F8152C2}"
EndProject
Global
	GlobalSection(SolutionConfigurationPlatforms) = preSolution
		Debug|Any CPU = Debug|Any CPU
		Release|Any CPU = Release|Any CPU
	EndGlobalSection
	GlobalSection(ProjectConfigurationPlatforms) = postSolution
		{91F68009-225C-16B2-9D32-C6CEA8AF1B41}.Debug|Any CPU.ActiveCfg = Debug|Any CPU
		{91F68009-225C-16B2-9D32-C6CEA8AF1B41}.Debug|Any CPU.Build.0 = Debug|Any CPU
		{91F68009-225C-16B2-9D32-C6CEA8AF1B41}.Release|Any CPU.ActiveCfg = Release|Any CPU
		{91F68009-225C-16B2-9D32-C6CEA8AF1B41}.Release|Any CPU.Build.0 = Release|Any CPU
		{79E538E9-8E3F-711D-50A0-16D120B212A0}.Debug|Any CPU.ActiveCfg = Debug|Any CPU
		{79E538E9-8E3F-711D-50A0-16D120B212A0}.Debug|Any CPU.Build.0 = Debug|Any CPU
		{79E538E9-8E3F-711D-50A0-16D120B212A0}.Release|Any CPU.ActiveCfg = Release|Any CPU
		{79E538E9-8E3F-711D-50A0-16D120B212A0}.Release|Any CPU.Build.0 = Release|Any CPU
		{BACAF926-5E41-F9CF-FED9-8CA94D72E4E1}.Debug|Any CPU.ActiveCfg = Debug|Any CPU
		{BACAF926-5E41-F9CF-FED9-8CA94D72E4E1}.Debug|Any CPU.Build.0 = Debug|Any CPU
		{BACAF926-5E41-F9CF-FED9-8CA94D72E4E1}.Release|Any CPU.ActiveCfg = Release|Any CPU
		{BACAF926-5E41-F9CF-FED9-8CA94D72E4E1}.Release|Any CPU.Build.0 = Release|Any CPU
		{08AF0C62-F496-B98B-CD52-DB551DA4A5C7}.Debug|Any CPU.ActiveCfg = Debug|Any CPU
		{08AF0C62-F496-B98B-CD52-DB551DA4A5C7}.Debug|Any CPU.Build.0 = Debug|Any CPU
		{08AF0C62-F496-B98B-CD52-DB551DA4A5C7}.Release|Any CPU.ActiveCfg = Release|Any CPU
		{08AF0C62-F496-B98B-CD52-DB551DA4A5C7}.Release|Any CPU.Build.0 = Release|Any CPU
		{C355979F-FEE9-F132-0BCB-CF27F72291BB}.Debug|Any CPU.ActiveCfg = Debug|Any CPU
		{C355979F-FEE9-F132-0BCB-CF27F72291BB}.Debug|Any CPU.Build.0 = Debug|Any CPU
		{C355979F-FEE9-F132-0BCB-CF27F72291BB}.Release|Any CPU.ActiveCfg = Release|Any CPU
		{C355979F-FEE9-F132-0BCB-CF27F72291BB}.Release|Any CPU.Build.0 = Release|Any CPU
		{DC4F0C88-D53E-48F8-A0CE-D6012F8152C2}.Debug|Any CPU.ActiveCfg = Debug|Any CPU
		{DC4F0C88-D53E-48F8-A0CE-D6012F8152C2}.Debug|Any CPU.Build.0 = Debug|Any CPU
		{DC4F0C88-D53E-48F8-A0CE-D6012F8152C2}.Release|Any CPU.ActiveCfg = Release|Any CPU
		{DC4F0C88-D53E-48F8-A0CE-D6012F8152C2}.Release|Any CPU.Build.0 = Release|Any CPU
	EndGlobalSection
	GlobalSection(SolutionProperties) = preSolution
		HideSolutionNode = FALSE
	EndGlobalSection
	GlobalSection(ExtensibilityGlobals) = postSolution
		SolutionGuid = {4103EC2E-4502-4C1E-AD66-0D066374DCE5}
	EndGlobalSection
EndGlobal
